# Protobuf Version Lock File
# All services MUST use these exact versions
protobuf==5.29.5
grpcio==1.71.0
grpcio-tools==1.63.0
grpc-interceptor==0.15.4

# Generation Commands (must be identical across services)
npm install prisma@5.17.0 @prisma/client@5.17.0
python3 -m grpc_tools.protoc --version  # Must match across services
